
Microsoft Visual Studio Solution File, Format Version 12.00
# Visual Studio Version 16
VisualStudioVersion = 16.0.31005.135
MinimumVisualStudioVersion = 10.0.40219.1
Project("{2150E333-8FDC-42A3-9474-1A3956D46DE8}") = "src", "src", "{B6410829-F84F-45B7-BCE0-1333C181EB72}"
EndProject
Project("{2150E333-8FDC-42A3-9474-1A3956D46DE8}") = "test", "test", "{BD7BA67C-AC5A-49C8-B04E-7FFC3BFE07E0}"
EndProject
Project("{2150E333-8FDC-42A3-9474-1A3956D46DE8}") = "API", "API", "{67D74811-C52D-4327-8156-845D98D30B70}"
EndProject
Project("{2150E333-8FDC-42A3-9474-1A3956D46DE8}") = "Domain", "Domain", "{279A2B64-454B-4DD0-99FE-8728CD2B417A}"
EndProject
Project("{2150E333-8FDC-42A3-9474-1A3956D46DE8}") = "Infrastructure", "Infrastructure", "{57041D6B-9379-49C2-9365-D1AC88A3239C}"
EndProject
Project("{2150E333-8FDC-42A3-9474-1A3956D46DE8}") = "Application", "Application", "{AAA54A12-A9FC-46DD-9682-B7A92F51D97A}"
EndProject
Project("{9A19103F-16F7-4668-BE54-9A1E7A4F7556}") = "GBank.Domain", "GBank.Domain\GBank.Domain.csproj", "{1EB82036-4654-4060-8E9A-69F01CD1A925}"
EndProject
Project("{9A19103F-16F7-4668-BE54-9A1E7A4F7556}") = "GBank.Infrastructure", "GBank.Infrastructure\GBank.Infrastructure.csproj", "{57A1CA45-FD31-4D54-A291-095D36DBDE20}"
EndProject
Project("{9A19103F-16F7-4668-BE54-9A1E7A4F7556}") = "GBank.API", "GBank.API\GBank.API.csproj", "{84EE5962-8E3B-48C3-B10A-18CAF4F45428}"
EndProject
Project("{FAE04EC0-301F-11D3-BF4B-00C04F79EFBC}") = "GBank.Application", "GBank.Application\GBank.Application.csproj", "{C57F25D0-EB77-4848-BB45-B73854371BDE}"
EndProject
Global
	GlobalSection(SolutionConfigurationPlatforms) = preSolution
		Debug|Any CPU = Debug|Any CPU
		Release|Any CPU = Release|Any CPU
	EndGlobalSection
	GlobalSection(ProjectConfigurationPlatforms) = postSolution
		{1EB82036-4654-4060-8E9A-69F01CD1A925}.Debug|Any CPU.ActiveCfg = Debug|Any CPU
		{1EB82036-4654-4060-8E9A-69F01CD1A925}.Debug|Any CPU.Build.0 = Debug|Any CPU
		{1EB82036-4654-4060-8E9A-69F01CD1A925}.Release|Any CPU.ActiveCfg = Release|Any CPU
		{1EB82036-4654-4060-8E9A-69F01CD1A925}.Release|Any CPU.Build.0 = Release|Any CPU
		{57A1CA45-FD31-4D54-A291-095D36DBDE20}.Debug|Any CPU.ActiveCfg = Debug|Any CPU
		{57A1CA45-FD31-4D54-A291-095D36DBDE20}.Debug|Any CPU.Build.0 = Debug|Any CPU
		{57A1CA45-FD31-4D54-A291-095D36DBDE20}.Release|Any CPU.ActiveCfg = Release|Any CPU
		{57A1CA45-FD31-4D54-A291-095D36DBDE20}.Release|Any CPU.Build.0 = Release|Any CPU
		{84EE5962-8E3B-48C3-B10A-18CAF4F45428}.Debug|Any CPU.ActiveCfg = Debug|Any CPU
		{84EE5962-8E3B-48C3-B10A-18CAF4F45428}.Debug|Any CPU.Build.0 = Debug|Any CPU
		{84EE5962-8E3B-48C3-B10A-18CAF4F45428}.Release|Any CPU.ActiveCfg = Release|Any CPU
		{84EE5962-8E3B-48C3-B10A-18CAF4F45428}.Release|Any CPU.Build.0 = Release|Any CPU
		{C57F25D0-EB77-4848-BB45-B73854371BDE}.Debug|Any CPU.ActiveCfg = Debug|Any CPU
		{C57F25D0-EB77-4848-BB45-B73854371BDE}.Debug|Any CPU.Build.0 = Debug|Any CPU
		{C57F25D0-EB77-4848-BB45-B73854371BDE}.Release|Any CPU.ActiveCfg = Release|Any CPU
		{C57F25D0-EB77-4848-BB45-B73854371BDE}.Release|Any CPU.Build.0 = Release|Any CPU
	EndGlobalSection
	GlobalSection(SolutionProperties) = preSolution
		HideSolutionNode = FALSE
	EndGlobalSection
	GlobalSection(NestedProjects) = preSolution
		{67D74811-C52D-4327-8156-845D98D30B70} = {B6410829-F84F-45B7-BCE0-1333C181EB72}
		{279A2B64-454B-4DD0-99FE-8728CD2B417A} = {B6410829-F84F-45B7-BCE0-1333C181EB72}
		{57041D6B-9379-49C2-9365-D1AC88A3239C} = {B6410829-F84F-45B7-BCE0-1333C181EB72}
		{AAA54A12-A9FC-46DD-9682-B7A92F51D97A} = {B6410829-F84F-45B7-BCE0-1333C181EB72}
		{1EB82036-4654-4060-8E9A-69F01CD1A925} = {279A2B64-454B-4DD0-99FE-8728CD2B417A}
		{57A1CA45-FD31-4D54-A291-095D36DBDE20} = {57041D6B-9379-49C2-9365-D1AC88A3239C}
		{84EE5962-8E3B-48C3-B10A-18CAF4F45428} = {67D74811-C52D-4327-8156-845D98D30B70}
		{C57F25D0-EB77-4848-BB45-B73854371BDE} = {AAA54A12-A9FC-46DD-9682-B7A92F51D97A}
	EndGlobalSection
	GlobalSection(ExtensibilityGlobals) = postSolution
		SolutionGuid = {DA181A72-C0F9-4E66-82C1-165C996C0783}
	EndGlobalSection
EndGlobal
